
Microsoft Visual Studio Solution File, Format Version 12.00
# Visual Studio Version 17
VisualStudioVersion = 17.1.32319.34
MinimumVisualStudioVersion = 10.0.40219.1
Project("{8BC9CEB8-8B4A-11D0-8D11-00A0C91BC942}") = "18", "18\18.vcxproj", "{D2E64D70-7CE6-42A9-9BAB-9AAD868A61FE}"
EndProject
Global
	GlobalSection(SolutionConfigurationPlatforms) = preSolution
		Debug|x64 = Debug|x64
		Debug|x86 = Debug|x86
		Release|x64 = Release|x64
		Release|x86 = Release|x86
	EndGlobalSection
	GlobalSection(ProjectConfigurationPlatforms) = postSolution
		{D2E64D70-7CE6-42A9-9BAB-9AAD868A61FE}.Debug|x64.ActiveCfg = Debug|x64
		{D2E64D70-7CE6-42A9-9BAB-9AAD868A61FE}.Debug|x64.Build.0 = Debug|x64
		{D2E64D70-7CE6-42A9-9BAB-9AAD868A61FE}.Debug|x86.ActiveCfg = Debug|Win32
		{D2E64D70-7CE6-42A9-9BAB-9AAD868A61FE}.Debug|x86.Build.0 = Debug|Win32
		{D2E64D70-7CE6-42A9-9BAB-9AAD868A61FE}.Release|x64.ActiveCfg = Release|x64
		{D2E64D70-7CE6-42A9-9BAB-9AAD868A61FE}.Release|x64.Build.0 = Release|x64
		{D2E64D70-7CE6-42A9-9BAB-9AAD868A61FE}.Release|x86.ActiveCfg = Release|Win32
		{D2E64D70-7CE6-42A9-9BAB-9AAD868A61FE}.Release|x86.Build.0 = Release|Win32
	EndGlobalSection
	GlobalSection(SolutionProperties) = preSolution
		HideSolutionNode = FALSE
	EndGlobalSection
	GlobalSection(ExtensibilityGlobals) = postSolution
		SolutionGuid = {82728678-E469-4872-BBC4-586EBD8E0492}
	EndGlobalSection
EndGlobal
