
Microsoft Visual Studio Solution File, Format Version 12.00
# Visual Studio Version 17
VisualStudioVersion = 17.1.32319.34
MinimumVisualStudioVersion = 10.0.40219.1
Project("{8BC9CEB8-8B4A-11D0-8D11-00A0C91BC942}") = "12.4(1)", "12.4(1)\12.4(1).vcxproj", "{748AB0C6-61C8-4365-99DD-706E3CC0E596}"
EndProject
Global
	GlobalSection(SolutionConfigurationPlatforms) = preSolution
		Debug|x64 = Debug|x64
		Debug|x86 = Debug|x86
		Release|x64 = Release|x64
		Release|x86 = Release|x86
	EndGlobalSection
	GlobalSection(ProjectConfigurationPlatforms) = postSolution
		{748AB0C6-61C8-4365-99DD-706E3CC0E596}.Debug|x64.ActiveCfg = Debug|x64
		{748AB0C6-61C8-4365-99DD-706E3CC0E596}.Debug|x64.Build.0 = Debug|x64
		{748AB0C6-61C8-4365-99DD-706E3CC0E596}.Debug|x86.ActiveCfg = Debug|Win32
		{748AB0C6-61C8-4365-99DD-706E3CC0E596}.Debug|x86.Build.0 = Debug|Win32
		{748AB0C6-61C8-4365-99DD-706E3CC0E596}.Release|x64.ActiveCfg = Release|x64
		{748AB0C6-61C8-4365-99DD-706E3CC0E596}.Release|x64.Build.0 = Release|x64
		{748AB0C6-61C8-4365-99DD-706E3CC0E596}.Release|x86.ActiveCfg = Release|Win32
		{748AB0C6-61C8-4365-99DD-706E3CC0E596}.Release|x86.Build.0 = Release|Win32
	EndGlobalSection
	GlobalSection(SolutionProperties) = preSolution
		HideSolutionNode = FALSE
	EndGlobalSection
	GlobalSection(ExtensibilityGlobals) = postSolution
		SolutionGuid = {C100137B-4F8C-40FF-9DEB-3691F0648A57}
	EndGlobalSection
EndGlobal
