
Microsoft Visual Studio Solution File, Format Version 12.00
# Visual Studio Version 17
VisualStudioVersion = 17.1.32319.34
MinimumVisualStudioVersion = 10.0.40219.1
Project("{8BC9CEB8-8B4A-11D0-8D11-00A0C91BC942}") = "19", "19\19.vcxproj", "{A30E3E9C-D8FD-4F22-BF64-F042D7B3503C}"
EndProject
Global
	GlobalSection(SolutionConfigurationPlatforms) = preSolution
		Debug|x64 = Debug|x64
		Debug|x86 = Debug|x86
		Release|x64 = Release|x64
		Release|x86 = Release|x86
	EndGlobalSection
	GlobalSection(ProjectConfigurationPlatforms) = postSolution
		{A30E3E9C-D8FD-4F22-BF64-F042D7B3503C}.Debug|x64.ActiveCfg = Debug|x64
		{A30E3E9C-D8FD-4F22-BF64-F042D7B3503C}.Debug|x64.Build.0 = Debug|x64
		{A30E3E9C-D8FD-4F22-BF64-F042D7B3503C}.Debug|x86.ActiveCfg = Debug|Win32
		{A30E3E9C-D8FD-4F22-BF64-F042D7B3503C}.Debug|x86.Build.0 = Debug|Win32
		{A30E3E9C-D8FD-4F22-BF64-F042D7B3503C}.Release|x64.ActiveCfg = Release|x64
		{A30E3E9C-D8FD-4F22-BF64-F042D7B3503C}.Release|x64.Build.0 = Release|x64
		{A30E3E9C-D8FD-4F22-BF64-F042D7B3503C}.Release|x86.ActiveCfg = Release|Win32
		{A30E3E9C-D8FD-4F22-BF64-F042D7B3503C}.Release|x86.Build.0 = Release|Win32
	EndGlobalSection
	GlobalSection(SolutionProperties) = preSolution
		HideSolutionNode = FALSE
	EndGlobalSection
	GlobalSection(ExtensibilityGlobals) = postSolution
		SolutionGuid = {6635AF83-FB89-46E2-9016-964506BF70F5}
	EndGlobalSection
EndGlobal
