
Microsoft Visual Studio Solution File, Format Version 12.00
# Visual Studio Version 17
VisualStudioVersion = 17.1.32319.34
MinimumVisualStudioVersion = 10.0.40219.1
Project("{8BC9CEB8-8B4A-11D0-8D11-00A0C91BC942}") = "21", "21\21.vcxproj", "{2F88772C-DD3E-4F3A-9368-73E6BDFCA86B}"
EndProject
Global
	GlobalSection(SolutionConfigurationPlatforms) = preSolution
		Debug|x64 = Debug|x64
		Debug|x86 = Debug|x86
		Release|x64 = Release|x64
		Release|x86 = Release|x86
	EndGlobalSection
	GlobalSection(ProjectConfigurationPlatforms) = postSolution
		{2F88772C-DD3E-4F3A-9368-73E6BDFCA86B}.Debug|x64.ActiveCfg = Debug|x64
		{2F88772C-DD3E-4F3A-9368-73E6BDFCA86B}.Debug|x64.Build.0 = Debug|x64
		{2F88772C-DD3E-4F3A-9368-73E6BDFCA86B}.Debug|x86.ActiveCfg = Debug|Win32
		{2F88772C-DD3E-4F3A-9368-73E6BDFCA86B}.Debug|x86.Build.0 = Debug|Win32
		{2F88772C-DD3E-4F3A-9368-73E6BDFCA86B}.Release|x64.ActiveCfg = Release|x64
		{2F88772C-DD3E-4F3A-9368-73E6BDFCA86B}.Release|x64.Build.0 = Release|x64
		{2F88772C-DD3E-4F3A-9368-73E6BDFCA86B}.Release|x86.ActiveCfg = Release|Win32
		{2F88772C-DD3E-4F3A-9368-73E6BDFCA86B}.Release|x86.Build.0 = Release|Win32
	EndGlobalSection
	GlobalSection(SolutionProperties) = preSolution
		HideSolutionNode = FALSE
	EndGlobalSection
	GlobalSection(ExtensibilityGlobals) = postSolution
		SolutionGuid = {1B663F94-8716-477A-AFF3-6D3124EB78E0}
	EndGlobalSection
EndGlobal
