
Microsoft Visual Studio Solution File, Format Version 12.00
# Visual Studio Version 17
VisualStudioVersion = 17.1.32319.34
MinimumVisualStudioVersion = 10.0.40219.1
Project("{8BC9CEB8-8B4A-11D0-8D11-00A0C91BC942}") = "9.7", "9.7\9.7.vcxproj", "{E3425443-C365-4604-AC3D-336290C5DA50}"
EndProject
Global
	GlobalSection(SolutionConfigurationPlatforms) = preSolution
		Debug|x64 = Debug|x64
		Debug|x86 = Debug|x86
		Release|x64 = Release|x64
		Release|x86 = Release|x86
	EndGlobalSection
	GlobalSection(ProjectConfigurationPlatforms) = postSolution
		{E3425443-C365-4604-AC3D-336290C5DA50}.Debug|x64.ActiveCfg = Debug|x64
		{E3425443-C365-4604-AC3D-336290C5DA50}.Debug|x64.Build.0 = Debug|x64
		{E3425443-C365-4604-AC3D-336290C5DA50}.Debug|x86.ActiveCfg = Debug|Win32
		{E3425443-C365-4604-AC3D-336290C5DA50}.Debug|x86.Build.0 = Debug|Win32
		{E3425443-C365-4604-AC3D-336290C5DA50}.Release|x64.ActiveCfg = Release|x64
		{E3425443-C365-4604-AC3D-336290C5DA50}.Release|x64.Build.0 = Release|x64
		{E3425443-C365-4604-AC3D-336290C5DA50}.Release|x86.ActiveCfg = Release|Win32
		{E3425443-C365-4604-AC3D-336290C5DA50}.Release|x86.Build.0 = Release|Win32
	EndGlobalSection
	GlobalSection(SolutionProperties) = preSolution
		HideSolutionNode = FALSE
	EndGlobalSection
	GlobalSection(ExtensibilityGlobals) = postSolution
		SolutionGuid = {252C34DA-2377-46D4-9BE2-69B78284B8EF}
	EndGlobalSection
EndGlobal
